// !$*UTF8*$!
{
	archiveVersion = 1;
	classes = {
	};
	objectVersion = 60;
	objects = {

/* Begin PBXBuildFile section */
		184D87262BB283A100773F45 /* TLRequset.swift in Sources */ = {isa = PBXBuildFile; fileRef = 184D87252BB283A100773F45 /* TLRequset.swift */; };
		184D87302BB2A12B00773F45 /* LoginViewController.swift in Sources */ = {isa = PBXBuildFile; fileRef = 184D872F2BB2A12B00773F45 /* LoginViewController.swift */; };
		184D87322BB2A15200773F45 /* BaseNavViewController.swift in Sources */ = {isa = PBXBuildFile; fileRef = 184D87312BB2A15200773F45 /* BaseNavViewController.swift */; };
		184D87352BB2A1DF00773F45 /* LoginView.swift in Sources */ = {isa = PBXBuildFile; fileRef = 184D87342BB2A1DF00773F45 /* LoginView.swift */; };
		18562E262BB128D200F1FA23 /* AppDelegate.swift in Sources */ = {isa = PBXBuildFile; fileRef = 18562E252BB128D200F1FA23 /* AppDelegate.swift */; };
		18562E2F2BB128D300F1FA23 /* Assets.xcassets in Resources */ = {isa = PBXBuildFile; fileRef = 18562E2E2BB128D300F1FA23 /* Assets.xcassets */; };
		18562E322BB128D300F1FA23 /* Base in Resources */ = {isa = PBXBuildFile; fileRef = 18562E312BB128D300F1FA23 /* Base */; };
		18562E3D2BB128D300F1FA23 /* TaraLoanTests.swift in Sources */ = {isa = PBXBuildFile; fileRef = 18562E3C2BB128D300F1FA23 /* TaraLoanTests.swift */; };
		18562E472BB128D300F1FA23 /* TaraLoanUITests.swift in Sources */ = {isa = PBXBuildFile; fileRef = 18562E462BB128D300F1FA23 /* TaraLoanUITests.swift */; };
		18562E492BB128D300F1FA23 /* TaraLoanUITestsLaunchTests.swift in Sources */ = {isa = PBXBuildFile; fileRef = 18562E482BB128D300F1FA23 /* TaraLoanUITestsLaunchTests.swift */; };
		18562E5B2BB12AC800F1FA23 /* TLBaseViewController.swift in Sources */ = {isa = PBXBuildFile; fileRef = 18562E5A2BB12AC800F1FA23 /* TLBaseViewController.swift */; };
		18562E5D2BB12B1000F1FA23 /* LaunchViewController.swift in Sources */ = {isa = PBXBuildFile; fileRef = 18562E5C2BB12B1000F1FA23 /* LaunchViewController.swift */; };
		18562E692BB132C300F1FA23 /* RequestApiUrl.swift in Sources */ = {isa = PBXBuildFile; fileRef = 18562E682BB132C300F1FA23 /* RequestApiUrl.swift */; };
		18562E732BB1470E00F1FA23 /* BaseHeadFile.swift in Sources */ = {isa = PBXBuildFile; fileRef = 18562E722BB1470E00F1FA23 /* BaseHeadFile.swift */; };
		18562E752BB1481100F1FA23 /* HomeViewController.swift in Sources */ = {isa = PBXBuildFile; fileRef = 18562E742BB1481000F1FA23 /* HomeViewController.swift */; };
		18562E772BB1482000F1FA23 /* OrderViewController.swift in Sources */ = {isa = PBXBuildFile; fileRef = 18562E762BB1482000F1FA23 /* OrderViewController.swift */; };
		18562E792BB1483000F1FA23 /* ProfileViewController.swift in Sources */ = {isa = PBXBuildFile; fileRef = 18562E782BB1483000F1FA23 /* ProfileViewController.swift */; };
		18562E7B2BB1483E00F1FA23 /* WebViewController.swift in Sources */ = {isa = PBXBuildFile; fileRef = 18562E7A2BB1483E00F1FA23 /* WebViewController.swift */; };
		18562E7F2BB14DD600F1FA23 /* LoginFactory.swift in Sources */ = {isa = PBXBuildFile; fileRef = 18562E7E2BB14DD600F1FA23 /* LoginFactory.swift */; };
		18562E812BB1501500F1FA23 /* DeviceInfo.swift in Sources */ = {isa = PBXBuildFile; fileRef = 18562E802BB1501500F1FA23 /* DeviceInfo.swift */; };
		18562E832BB1560100F1FA23 /* NetworkManager.swift in Sources */ = {isa = PBXBuildFile; fileRef = 18562E822BB1560100F1FA23 /* NetworkManager.swift */; };
		18562E852BB17D3100F1FA23 /* LocationManager.swift in Sources */ = {isa = PBXBuildFile; fileRef = 18562E842BB17D3100F1FA23 /* LocationManager.swift */; };
		18562E872BB17D5000F1FA23 /* LocationModel.swift in Sources */ = {isa = PBXBuildFile; fileRef = 18562E862BB17D5000F1FA23 /* LocationModel.swift */; };
		18562E892BB17E0900F1FA23 /* TotalModel.swift in Sources */ = {isa = PBXBuildFile; fileRef = 18562E882BB17E0900F1FA23 /* TotalModel.swift */; };
		541A4A631DAAA9E77AE000F1 /* Pods_TaraLoan.framework in Frameworks */ = {isa = PBXBuildFile; fileRef = B698740A60A130FE695D5EB6 /* Pods_TaraLoan.framework */; };
		A749D1B22C1227C138B71A12 /* Pods_TaraLoan_TaraLoanUITests.framework in Frameworks */ = {isa = PBXBuildFile; fileRef = AD76490921AD0AA2C5D22165 /* Pods_TaraLoan_TaraLoanUITests.framework */; };
		C614B71827A1637260F0CA31 /* Pods_TaraLoanTests.framework in Frameworks */ = {isa = PBXBuildFile; fileRef = B8C2AA5DC62F946FA77D137E /* Pods_TaraLoanTests.framework */; };
/* End PBXBuildFile section */

/* Begin PBXContainerItemProxy section */
		18562E392BB128D300F1FA23 /* PBXContainerItemProxy */ = {
			isa = PBXContainerItemProxy;
			containerPortal = 18562E1A2BB128D200F1FA23 /* Project object */;
			proxyType = 1;
			remoteGlobalIDString = 18562E212BB128D200F1FA23;
			remoteInfo = TaraLoan;
		};
		18562E432BB128D300F1FA23 /* PBXContainerItemProxy */ = {
			isa = PBXContainerItemProxy;
			containerPortal = 18562E1A2BB128D200F1FA23 /* Project object */;
			proxyType = 1;
			remoteGlobalIDString = 18562E212BB128D200F1FA23;
			remoteInfo = TaraLoan;
		};
/* End PBXContainerItemProxy section */

/* Begin PBXFileReference section */
		0839316E49BF7545D77C0C4F /* Pods-TaraLoan.release.xcconfig */ = {isa = PBXFileReference; includeInIndex = 1; lastKnownFileType = text.xcconfig; name = "Pods-TaraLoan.release.xcconfig"; path = "Target Support Files/Pods-TaraLoan/Pods-TaraLoan.release.xcconfig"; sourceTree = "<group>"; };
		184D87252BB283A100773F45 /* TLRequset.swift */ = {isa = PBXFileReference; lastKnownFileType = sourcecode.swift; path = TLRequset.swift; sourceTree = "<group>"; };
		184D872F2BB2A12B00773F45 /* LoginViewController.swift */ = {isa = PBXFileReference; lastKnownFileType = sourcecode.swift; path = LoginViewController.swift; sourceTree = "<group>"; };
		184D87312BB2A15200773F45 /* BaseNavViewController.swift */ = {isa = PBXFileReference; lastKnownFileType = sourcecode.swift; path = BaseNavViewController.swift; sourceTree = "<group>"; };
		184D87342BB2A1DF00773F45 /* LoginView.swift */ = {isa = PBXFileReference; lastKnownFileType = sourcecode.swift; path = LoginView.swift; sourceTree = "<group>"; };
		18562E222BB128D200F1FA23 /* TaraLoan.app */ = {isa = PBXFileReference; explicitFileType = wrapper.application; includeInIndex = 0; path = TaraLoan.app; sourceTree = BUILT_PRODUCTS_DIR; };
		18562E252BB128D200F1FA23 /* AppDelegate.swift */ = {isa = PBXFileReference; lastKnownFileType = sourcecode.swift; path = AppDelegate.swift; sourceTree = "<group>"; };
		18562E2E2BB128D300F1FA23 /* Assets.xcassets */ = {isa = PBXFileReference; lastKnownFileType = folder.assetcatalog; path = Assets.xcassets; sourceTree = "<group>"; };
		18562E312BB128D300F1FA23 /* Base */ = {isa = PBXFileReference; lastKnownFileType = file.storyboard; name = Base; path = Base.lproj/LaunchScreen.storyboard; sourceTree = "<group>"; };
		18562E332BB128D300F1FA23 /* Info.plist */ = {isa = PBXFileReference; lastKnownFileType = text.plist.xml; path = Info.plist; sourceTree = "<group>"; };
		18562E382BB128D300F1FA23 /* TaraLoanTests.xctest */ = {isa = PBXFileReference; explicitFileType = wrapper.cfbundle; includeInIndex = 0; path = TaraLoanTests.xctest; sourceTree = BUILT_PRODUCTS_DIR; };
		18562E3C2BB128D300F1FA23 /* TaraLoanTests.swift */ = {isa = PBXFileReference; lastKnownFileType = sourcecode.swift; path = TaraLoanTests.swift; sourceTree = "<group>"; };
		18562E422BB128D300F1FA23 /* TaraLoanUITests.xctest */ = {isa = PBXFileReference; explicitFileType = wrapper.cfbundle; includeInIndex = 0; path = TaraLoanUITests.xctest; sourceTree = BUILT_PRODUCTS_DIR; };
		18562E462BB128D300F1FA23 /* TaraLoanUITests.swift */ = {isa = PBXFileReference; lastKnownFileType = sourcecode.swift; path = TaraLoanUITests.swift; sourceTree = "<group>"; };
		18562E482BB128D300F1FA23 /* TaraLoanUITestsLaunchTests.swift */ = {isa = PBXFileReference; lastKnownFileType = sourcecode.swift; path = TaraLoanUITestsLaunchTests.swift; sourceTree = "<group>"; };
		18562E552BB1291400F1FA23 /* TaraLoan.entitlements */ = {isa = PBXFileReference; lastKnownFileType = text.plist.entitlements; path = TaraLoan.entitlements; sourceTree = "<group>"; };
		18562E5A2BB12AC800F1FA23 /* TLBaseViewController.swift */ = {isa = PBXFileReference; lastKnownFileType = sourcecode.swift; path = TLBaseViewController.swift; sourceTree = "<group>"; };
		18562E5C2BB12B1000F1FA23 /* LaunchViewController.swift */ = {isa = PBXFileReference; lastKnownFileType = sourcecode.swift; path = LaunchViewController.swift; sourceTree = "<group>"; };
		18562E682BB132C300F1FA23 /* RequestApiUrl.swift */ = {isa = PBXFileReference; lastKnownFileType = sourcecode.swift; path = RequestApiUrl.swift; sourceTree = "<group>"; };
		18562E722BB1470E00F1FA23 /* BaseHeadFile.swift */ = {isa = PBXFileReference; lastKnownFileType = sourcecode.swift; path = BaseHeadFile.swift; sourceTree = "<group>"; };
		18562E742BB1481000F1FA23 /* HomeViewController.swift */ = {isa = PBXFileReference; lastKnownFileType = sourcecode.swift; path = HomeViewController.swift; sourceTree = "<group>"; };
		18562E762BB1482000F1FA23 /* OrderViewController.swift */ = {isa = PBXFileReference; lastKnownFileType = sourcecode.swift; path = OrderViewController.swift; sourceTree = "<group>"; };
		18562E782BB1483000F1FA23 /* ProfileViewController.swift */ = {isa = PBXFileReference; lastKnownFileType = sourcecode.swift; path = ProfileViewController.swift; sourceTree = "<group>"; };
		18562E7A2BB1483E00F1FA23 /* WebViewController.swift */ = {isa = PBXFileReference; lastKnownFileType = sourcecode.swift; path = WebViewController.swift; sourceTree = "<group>"; };
		18562E7E2BB14DD600F1FA23 /* LoginFactory.swift */ = {isa = PBXFileReference; lastKnownFileType = sourcecode.swift; path = LoginFactory.swift; sourceTree = "<group>"; };
		18562E802BB1501500F1FA23 /* DeviceInfo.swift */ = {isa = PBXFileReference; lastKnownFileType = sourcecode.swift; path = DeviceInfo.swift; sourceTree = "<group>"; };
		18562E822BB1560100F1FA23 /* NetworkManager.swift */ = {isa = PBXFileReference; lastKnownFileType = sourcecode.swift; path = NetworkManager.swift; sourceTree = "<group>"; };
		18562E842BB17D3100F1FA23 /* LocationManager.swift */ = {isa = PBXFileReference; lastKnownFileType = sourcecode.swift; path = LocationManager.swift; sourceTree = "<group>"; };
		18562E862BB17D5000F1FA23 /* LocationModel.swift */ = {isa = PBXFileReference; lastKnownFileType = sourcecode.swift; path = LocationModel.swift; sourceTree = "<group>"; };
		18562E882BB17E0900F1FA23 /* TotalModel.swift */ = {isa = PBXFileReference; lastKnownFileType = sourcecode.swift; path = TotalModel.swift; sourceTree = "<group>"; };
		2578A0F82CBB8FA0DBF2EA76 /* Pods-TaraLoanTests.debug.xcconfig */ = {isa = PBXFileReference; includeInIndex = 1; lastKnownFileType = text.xcconfig; name = "Pods-TaraLoanTests.debug.xcconfig"; path = "Target Support Files/Pods-TaraLoanTests/Pods-TaraLoanTests.debug.xcconfig"; sourceTree = "<group>"; };
		A1DDE452236F446AFCBB8ACA /* Pods-TaraLoan-TaraLoanUITests.debug.xcconfig */ = {isa = PBXFileReference; includeInIndex = 1; lastKnownFileType = text.xcconfig; name = "Pods-TaraLoan-TaraLoanUITests.debug.xcconfig"; path = "Target Support Files/Pods-TaraLoan-TaraLoanUITests/Pods-TaraLoan-TaraLoanUITests.debug.xcconfig"; sourceTree = "<group>"; };
		AD76490921AD0AA2C5D22165 /* Pods_TaraLoan_TaraLoanUITests.framework */ = {isa = PBXFileReference; explicitFileType = wrapper.framework; includeInIndex = 0; path = Pods_TaraLoan_TaraLoanUITests.framework; sourceTree = BUILT_PRODUCTS_DIR; };
		B4B44AE7C8261C3D0695E557 /* Pods-TaraLoan.debug.xcconfig */ = {isa = PBXFileReference; includeInIndex = 1; lastKnownFileType = text.xcconfig; name = "Pods-TaraLoan.debug.xcconfig"; path = "Target Support Files/Pods-TaraLoan/Pods-TaraLoan.debug.xcconfig"; sourceTree = "<group>"; };
		B698740A60A130FE695D5EB6 /* Pods_TaraLoan.framework */ = {isa = PBXFileReference; explicitFileType = wrapper.framework; includeInIndex = 0; path = Pods_TaraLoan.framework; sourceTree = BUILT_PRODUCTS_DIR; };
		B8C2AA5DC62F946FA77D137E /* Pods_TaraLoanTests.framework */ = {isa = PBXFileReference; explicitFileType = wrapper.framework; includeInIndex = 0; path = Pods_TaraLoanTests.framework; sourceTree = BUILT_PRODUCTS_DIR; };
		C9DAE3C326CFE1888E793E45 /* Pods-TaraLoanTests.release.xcconfig */ = {isa = PBXFileReference; includeInIndex = 1; lastKnownFileType = text.xcconfig; name = "Pods-TaraLoanTests.release.xcconfig"; path = "Target Support Files/Pods-TaraLoanTests/Pods-TaraLoanTests.release.xcconfig"; sourceTree = "<group>"; };
		DDB0063DC7CF6EC6397176ED /* Pods-TaraLoan-TaraLoanUITests.release.xcconfig */ = {isa = PBXFileReference; includeInIndex = 1; lastKnownFileType = text.xcconfig; name = "Pods-TaraLoan-TaraLoanUITests.release.xcconfig"; path = "Target Support Files/Pods-TaraLoan-TaraLoanUITests/Pods-TaraLoan-TaraLoanUITests.release.xcconfig"; sourceTree = "<group>"; };
/* End PBXFileReference section */

/* Begin PBXFrameworksBuildPhase section */
		18562E1F2BB128D200F1FA23 /* Frameworks */ = {
			isa = PBXFrameworksBuildPhase;
			buildActionMask = 2147483647;
			files = (
				541A4A631DAAA9E77AE000F1 /* Pods_TaraLoan.framework in Frameworks */,
			);
			runOnlyForDeploymentPostprocessing = 0;
		};
		18562E352BB128D300F1FA23 /* Frameworks */ = {
			isa = PBXFrameworksBuildPhase;
			buildActionMask = 2147483647;
			files = (
				C614B71827A1637260F0CA31 /* Pods_TaraLoanTests.framework in Frameworks */,
			);
			runOnlyForDeploymentPostprocessing = 0;
		};
		18562E3F2BB128D300F1FA23 /* Frameworks */ = {
			isa = PBXFrameworksBuildPhase;
			buildActionMask = 2147483647;
			files = (
				A749D1B22C1227C138B71A12 /* Pods_TaraLoan_TaraLoanUITests.framework in Frameworks */,
			);
			runOnlyForDeploymentPostprocessing = 0;
		};
/* End PBXFrameworksBuildPhase section */

/* Begin PBXGroup section */
		184D872D2BB2A10900773F45 /* Login */ = {
			isa = PBXGroup;
			children = (
				184D87332BB2A1CF00773F45 /* View */,
				184D872E2BB2A11400773F45 /* Controller */,
			);
			path = Login;
			sourceTree = "<group>";
		};
		184D872E2BB2A11400773F45 /* Controller */ = {
			isa = PBXGroup;
			children = (
				184D872F2BB2A12B00773F45 /* LoginViewController.swift */,
			);
			path = Controller;
			sourceTree = "<group>";
		};
		184D87332BB2A1CF00773F45 /* View */ = {
			isa = PBXGroup;
			children = (
				184D87342BB2A1DF00773F45 /* LoginView.swift */,
			);
			path = View;
			sourceTree = "<group>";
		};
		184D87362BB2A1E400773F45 /* Contorller */ = {
			isa = PBXGroup;
			children = (
				18562E782BB1483000F1FA23 /* ProfileViewController.swift */,
			);
			path = Contorller;
			sourceTree = "<group>";
		};
		184D87372BB2A1F000773F45 /* Controller */ = {
			isa = PBXGroup;
			children = (
				18562E762BB1482000F1FA23 /* OrderViewController.swift */,
			);
			path = Controller;
			sourceTree = "<group>";
		};
		184D87382BB2A1F800773F45 /* Controller */ = {
			isa = PBXGroup;
			children = (
				18562E742BB1481000F1FA23 /* HomeViewController.swift */,
			);
			path = Controller;
			sourceTree = "<group>";
		};
		18562E192BB128D200F1FA23 = {
			isa = PBXGroup;
			children = (
				18562E242BB128D200F1FA23 /* TaraLoan */,
				18562E3B2BB128D300F1FA23 /* TaraLoanTests */,
				18562E452BB128D300F1FA23 /* TaraLoanUITests */,
				18562E232BB128D200F1FA23 /* Products */,
				B795DAEC96FA0A554C02B7A4 /* Pods */,
				A606FD306D79A48F85757715 /* Frameworks */,
			);
			sourceTree = "<group>";
		};
		18562E232BB128D200F1FA23 /* Products */ = {
			isa = PBXGroup;
			children = (
				18562E222BB128D200F1FA23 /* TaraLoan.app */,
				18562E382BB128D300F1FA23 /* TaraLoanTests.xctest */,
				18562E422BB128D300F1FA23 /* TaraLoanUITests.xctest */,
			);
			name = Products;
			sourceTree = "<group>";
		};
		18562E242BB128D200F1FA23 /* TaraLoan */ = {
			isa = PBXGroup;
			children = (
				18562E332BB128D300F1FA23 /* Info.plist */,
				18562E2E2BB128D300F1FA23 /* Assets.xcassets */,
				18562E552BB1291400F1FA23 /* TaraLoan.entitlements */,
				18562E562BB129A700F1FA23 /* Main */,
				18562E5F2BB12CB600F1FA23 /* Web */,
				184D872D2BB2A10900773F45 /* Login */,
				18562E622BB12CE400F1FA23 /* Profile */,
				18562E612BB12CDC00F1FA23 /* Order */,
				18562E602BB12CB900F1FA23 /* Home */,
				18562E5E2BB12CB000F1FA23 /* Base */,
			);
			path = TaraLoan;
			sourceTree = "<group>";
		};
		18562E3B2BB128D300F1FA23 /* TaraLoanTests */ = {
			isa = PBXGroup;
			children = (
				18562E3C2BB128D300F1FA23 /* TaraLoanTests.swift */,
			);
			path = TaraLoanTests;
			sourceTree = "<group>";
		};
		18562E452BB128D300F1FA23 /* TaraLoanUITests */ = {
			isa = PBXGroup;
			children = (
				18562E462BB128D300F1FA23 /* TaraLoanUITests.swift */,
				18562E482BB128D300F1FA23 /* TaraLoanUITestsLaunchTests.swift */,
			);
			path = TaraLoanUITests;
			sourceTree = "<group>";
		};
		18562E562BB129A700F1FA23 /* Main */ = {
			isa = PBXGroup;
			children = (
				18562E252BB128D200F1FA23 /* AppDelegate.swift */,
				18562E302BB128D300F1FA23 /* LaunchScreen.storyboard */,
			);
			path = Main;
			sourceTree = "<group>";
		};
		18562E572BB12A8700F1FA23 /* LaunchVc */ = {
			isa = PBXGroup;
			children = (
				18562E5C2BB12B1000F1FA23 /* LaunchViewController.swift */,
				18562E5A2BB12AC800F1FA23 /* TLBaseViewController.swift */,
				184D87312BB2A15200773F45 /* BaseNavViewController.swift */,
			);
			path = LaunchVc;
			sourceTree = "<group>";
		};
		18562E5E2BB12CB000F1FA23 /* Base */ = {
			isa = PBXGroup;
			children = (
				18562E652BB12D1300F1FA23 /* Model */,
				18562E642BB12D1000F1FA23 /* Config */,
				18562E632BB12D0D00F1FA23 /* NetWork */,
				18562E572BB12A8700F1FA23 /* LaunchVc */,
			);
			path = Base;
			sourceTree = "<group>";
		};
		18562E5F2BB12CB600F1FA23 /* Web */ = {
			isa = PBXGroup;
			children = (
				18562E7A2BB1483E00F1FA23 /* WebViewController.swift */,
			);
			path = Web;
			sourceTree = "<group>";
		};
		18562E602BB12CB900F1FA23 /* Home */ = {
			isa = PBXGroup;
			children = (
				184D87382BB2A1F800773F45 /* Controller */,
			);
			path = Home;
			sourceTree = "<group>";
		};
		18562E612BB12CDC00F1FA23 /* Order */ = {
			isa = PBXGroup;
			children = (
				184D87372BB2A1F000773F45 /* Controller */,
			);
			path = Order;
			sourceTree = "<group>";
		};
		18562E622BB12CE400F1FA23 /* Profile */ = {
			isa = PBXGroup;
			children = (
				184D87362BB2A1E400773F45 /* Contorller */,
			);
			path = Profile;
			sourceTree = "<group>";
		};
		18562E632BB12D0D00F1FA23 /* NetWork */ = {
			isa = PBXGroup;
			children = (
				184D87252BB283A100773F45 /* TLRequset.swift */,
				18562E682BB132C300F1FA23 /* RequestApiUrl.swift */,
				18562E822BB1560100F1FA23 /* NetworkManager.swift */,
			);
			path = NetWork;
			sourceTree = "<group>";
		};
		18562E642BB12D1000F1FA23 /* Config */ = {
			isa = PBXGroup;
			children = (
				18562E7C2BB1488800F1FA23 /* HeadFile */,
				18562E662BB12D3D00F1FA23 /* Location */,
				18562E7D2BB14D8A00F1FA23 /* LoginCommon */,
			);
			path = Config;
			sourceTree = "<group>";
		};
		18562E652BB12D1300F1FA23 /* Model */ = {
			isa = PBXGroup;
			children = (
				18562E882BB17E0900F1FA23 /* TotalModel.swift */,
			);
			path = Model;
			sourceTree = "<group>";
		};
		18562E662BB12D3D00F1FA23 /* Location */ = {
			isa = PBXGroup;
			children = (
				18562E862BB17D5000F1FA23 /* LocationModel.swift */,
				18562E842BB17D3100F1FA23 /* LocationManager.swift */,
			);
			path = Location;
			sourceTree = "<group>";
		};
		18562E7C2BB1488800F1FA23 /* HeadFile */ = {
			isa = PBXGroup;
			children = (
				18562E722BB1470E00F1FA23 /* BaseHeadFile.swift */,
			);
			path = HeadFile;
			sourceTree = "<group>";
		};
		18562E7D2BB14D8A00F1FA23 /* LoginCommon */ = {
			isa = PBXGroup;
			children = (
				18562E802BB1501500F1FA23 /* DeviceInfo.swift */,
				18562E7E2BB14DD600F1FA23 /* LoginFactory.swift */,
			);
			path = LoginCommon;
			sourceTree = "<group>";
		};
		A606FD306D79A48F85757715 /* Frameworks */ = {
			isa = PBXGroup;
			children = (
				B698740A60A130FE695D5EB6 /* Pods_TaraLoan.framework */,
				AD76490921AD0AA2C5D22165 /* Pods_TaraLoan_TaraLoanUITests.framework */,
				B8C2AA5DC62F946FA77D137E /* Pods_TaraLoanTests.framework */,
			);
			name = Frameworks;
			sourceTree = "<group>";
		};
		B795DAEC96FA0A554C02B7A4 /* Pods */ = {
			isa = PBXGroup;
			children = (
				B4B44AE7C8261C3D0695E557 /* Pods-TaraLoan.debug.xcconfig */,
				0839316E49BF7545D77C0C4F /* Pods-TaraLoan.release.xcconfig */,
				A1DDE452236F446AFCBB8ACA /* Pods-TaraLoan-TaraLoanUITests.debug.xcconfig */,
				DDB0063DC7CF6EC6397176ED /* Pods-TaraLoan-TaraLoanUITests.release.xcconfig */,
				2578A0F82CBB8FA0DBF2EA76 /* Pods-TaraLoanTests.debug.xcconfig */,
				C9DAE3C326CFE1888E793E45 /* Pods-TaraLoanTests.release.xcconfig */,
			);
			path = Pods;
			sourceTree = "<group>";
		};
/* End PBXGroup section */

/* Begin PBXNativeTarget section */
		18562E212BB128D200F1FA23 /* TaraLoan */ = {
			isa = PBXNativeTarget;
			buildConfigurationList = 18562E4C2BB128D300F1FA23 /* Build configuration list for PBXNativeTarget "TaraLoan" */;
			buildPhases = (
				B3BFC09F9A57B3081E079A2F /* [CP] Check Pods Manifest.lock */,
				18562E1E2BB128D200F1FA23 /* Sources */,
				18562E1F2BB128D200F1FA23 /* Frameworks */,
				18562E202BB128D200F1FA23 /* Resources */,
				8CE68EDF61C710D2A1FAECC0 /* [CP] Embed Pods Frameworks */,
			);
			buildRules = (
			);
			dependencies = (
			);
			name = TaraLoan;
			productName = TaraLoan;
			productReference = 18562E222BB128D200F1FA23 /* TaraLoan.app */;
			productType = "com.apple.product-type.application";
		};
		18562E372BB128D300F1FA23 /* TaraLoanTests */ = {
			isa = PBXNativeTarget;
			buildConfigurationList = 18562E4F2BB128D300F1FA23 /* Build configuration list for PBXNativeTarget "TaraLoanTests" */;
			buildPhases = (
				033BEB20AD8242E988674759 /* [CP] Check Pods Manifest.lock */,
				18562E342BB128D300F1FA23 /* Sources */,
				18562E352BB128D300F1FA23 /* Frameworks */,
				18562E362BB128D300F1FA23 /* Resources */,
			);
			buildRules = (
			);
			dependencies = (
				18562E3A2BB128D300F1FA23 /* PBXTargetDependency */,
			);
			name = TaraLoanTests;
			productName = TaraLoanTests;
			productReference = 18562E382BB128D300F1FA23 /* TaraLoanTests.xctest */;
			productType = "com.apple.product-type.bundle.unit-test";
		};
		18562E412BB128D300F1FA23 /* TaraLoanUITests */ = {
			isa = PBXNativeTarget;
			buildConfigurationList = 18562E522BB128D300F1FA23 /* Build configuration list for PBXNativeTarget "TaraLoanUITests" */;
			buildPhases = (
				8B2F1440B4352F705D6AD1B5 /* [CP] Check Pods Manifest.lock */,
				18562E3E2BB128D300F1FA23 /* Sources */,
				18562E3F2BB128D300F1FA23 /* Frameworks */,
				18562E402BB128D300F1FA23 /* Resources */,
				69FDE4D775987B5A4220C787 /* [CP] Embed Pods Frameworks */,
			);
			buildRules = (
			);
			dependencies = (
				18562E442BB128D300F1FA23 /* PBXTargetDependency */,
			);
			name = TaraLoanUITests;
			productName = TaraLoanUITests;
			productReference = 18562E422BB128D300F1FA23 /* TaraLoanUITests.xctest */;
			productType = "com.apple.product-type.bundle.ui-testing";
		};
/* End PBXNativeTarget section */

/* Begin PBXProject section */
		18562E1A2BB128D200F1FA23 /* Project object */ = {
			isa = PBXProject;
			attributes = {
				BuildIndependentTargetsInParallel = 1;
				LastSwiftUpdateCheck = 1530;
				LastUpgradeCheck = 1530;
				TargetAttributes = {
					18562E212BB128D200F1FA23 = {
						CreatedOnToolsVersion = 15.3;
					};
					18562E372BB128D300F1FA23 = {
						CreatedOnToolsVersion = 15.3;
						TestTargetID = 18562E212BB128D200F1FA23;
					};
					18562E412BB128D300F1FA23 = {
						CreatedOnToolsVersion = 15.3;
						TestTargetID = 18562E212BB128D200F1FA23;
					};
				};
			};
			buildConfigurationList = 18562E1D2BB128D200F1FA23 /* Build configuration list for PBXProject "TaraLoan" */;
			compatibilityVersion = "Xcode 15.0";
			developmentRegion = en;
			hasScannedForEncodings = 0;
			knownRegions = (
				en,
				Base,
			);
			mainGroup = 18562E192BB128D200F1FA23;
			productRefGroup = 18562E232BB128D200F1FA23 /* Products */;
			projectDirPath = "";
			projectRoot = "";
			targets = (
				18562E212BB128D200F1FA23 /* TaraLoan */,
				18562E372BB128D300F1FA23 /* TaraLoanTests */,
				18562E412BB128D300F1FA23 /* TaraLoanUITests */,
			);
		};
/* End PBXProject section */

/* Begin PBXResourcesBuildPhase section */
		18562E202BB128D200F1FA23 /* Resources */ = {
			isa = PBXResourcesBuildPhase;
			buildActionMask = 2147483647;
			files = (
				18562E2F2BB128D300F1FA23 /* Assets.xcassets in Resources */,
				18562E322BB128D300F1FA23 /* Base in Resources */,
			);
			runOnlyForDeploymentPostprocessing = 0;
		};
		18562E362BB128D300F1FA23 /* Resources */ = {
			isa = PBXResourcesBuildPhase;
			buildActionMask = 2147483647;
			files = (
			);
			runOnlyForDeploymentPostprocessing = 0;
		};
		18562E402BB128D300F1FA23 /* Resources */ = {
			isa = PBXResourcesBuildPhase;
			buildActionMask = 2147483647;
			files = (
			);
			runOnlyForDeploymentPostprocessing = 0;
		};
/* End PBXResourcesBuildPhase section */

/* Begin PBXShellScriptBuildPhase section */
		033BEB20AD8242E988674759 /* [CP] Check Pods Manifest.lock */ = {
			isa = PBXShellScriptBuildPhase;
			buildActionMask = 2147483647;
			files = (
			);
			inputFileListPaths = (
			);
			inputPaths = (
				"${PODS_PODFILE_DIR_PATH}/Podfile.lock",
				"${PODS_ROOT}/Manifest.lock",
			);
			name = "[CP] Check Pods Manifest.lock";
			outputFileListPaths = (
			);
			outputPaths = (
				"$(DERIVED_FILE_DIR)/Pods-TaraLoanTests-checkManifestLockResult.txt",
			);
			runOnlyForDeploymentPostprocessing = 0;
			shellPath = /bin/sh;
			shellScript = "diff \"${PODS_PODFILE_DIR_PATH}/Podfile.lock\" \"${PODS_ROOT}/Manifest.lock\" > /dev/null\nif [ $? != 0 ] ; then\n    # print error to STDERR\n    echo \"error: The sandbox is not in sync with the Podfile.lock. Run 'pod install' or update your CocoaPods installation.\" >&2\n    exit 1\nfi\n# This output is used by Xcode 'outputs' to avoid re-running this script phase.\necho \"SUCCESS\" > \"${SCRIPT_OUTPUT_FILE_0}\"\n";
			showEnvVarsInLog = 0;
		};
		69FDE4D775987B5A4220C787 /* [CP] Embed Pods Frameworks */ = {
			isa = PBXShellScriptBuildPhase;
			buildActionMask = 2147483647;
			files = (
			);
			inputFileListPaths = (
				"${PODS_ROOT}/Target Support Files/Pods-TaraLoan-TaraLoanUITests/Pods-TaraLoan-TaraLoanUITests-frameworks-${CONFIGURATION}-input-files.xcfilelist",
			);
			name = "[CP] Embed Pods Frameworks";
			outputFileListPaths = (
				"${PODS_ROOT}/Target Support Files/Pods-TaraLoan-TaraLoanUITests/Pods-TaraLoan-TaraLoanUITests-frameworks-${CONFIGURATION}-output-files.xcfilelist",
			);
			runOnlyForDeploymentPostprocessing = 0;
			shellPath = /bin/sh;
			shellScript = "\"${PODS_ROOT}/Target Support Files/Pods-TaraLoan-TaraLoanUITests/Pods-TaraLoan-TaraLoanUITests-frameworks.sh\"\n";
			showEnvVarsInLog = 0;
		};
		8B2F1440B4352F705D6AD1B5 /* [CP] Check Pods Manifest.lock */ = {
			isa = PBXShellScriptBuildPhase;
			buildActionMask = 2147483647;
			files = (
			);
			inputFileListPaths = (
			);
			inputPaths = (
				"${PODS_PODFILE_DIR_PATH}/Podfile.lock",
				"${PODS_ROOT}/Manifest.lock",
			);
			name = "[CP] Check Pods Manifest.lock";
			outputFileListPaths = (
			);
			outputPaths = (
				"$(DERIVED_FILE_DIR)/Pods-TaraLoan-TaraLoanUITests-checkManifestLockResult.txt",
			);
			runOnlyForDeploymentPostprocessing = 0;
			shellPath = /bin/sh;
			shellScript = "diff \"${PODS_PODFILE_DIR_PATH}/Podfile.lock\" \"${PODS_ROOT}/Manifest.lock\" > /dev/null\nif [ $? != 0 ] ; then\n    # print error to STDERR\n    echo \"error: The sandbox is not in sync with the Podfile.lock. Run 'pod install' or update your CocoaPods installation.\" >&2\n    exit 1\nfi\n# This output is used by Xcode 'outputs' to avoid re-running this script phase.\necho \"SUCCESS\" > \"${SCRIPT_OUTPUT_FILE_0}\"\n";
			showEnvVarsInLog = 0;
		};
		8CE68EDF61C710D2A1FAECC0 /* [CP] Embed Pods Frameworks */ = {
			isa = PBXShellScriptBuildPhase;
			buildActionMask = 2147483647;
			files = (
			);
			inputFileListPaths = (
				"${PODS_ROOT}/Target Support Files/Pods-TaraLoan/Pods-TaraLoan-frameworks-${CONFIGURATION}-input-files.xcfilelist",
			);
			name = "[CP] Embed Pods Frameworks";
			outputFileListPaths = (
				"${PODS_ROOT}/Target Support Files/Pods-TaraLoan/Pods-TaraLoan-frameworks-${CONFIGURATION}-output-files.xcfilelist",
			);
			runOnlyForDeploymentPostprocessing = 0;
			shellPath = /bin/sh;
			shellScript = "\"${PODS_ROOT}/Target Support Files/Pods-TaraLoan/Pods-TaraLoan-frameworks.sh\"\n";
			showEnvVarsInLog = 0;
		};
		B3BFC09F9A57B3081E079A2F /* [CP] Check Pods Manifest.lock */ = {
			isa = PBXShellScriptBuildPhase;
			buildActionMask = 2147483647;
			files = (
			);
			inputFileListPaths = (
			);
			inputPaths = (
				"${PODS_PODFILE_DIR_PATH}/Podfile.lock",
				"${PODS_ROOT}/Manifest.lock",
			);
			name = "[CP] Check Pods Manifest.lock";
			outputFileListPaths = (
			);
			outputPaths = (
				"$(DERIVED_FILE_DIR)/Pods-TaraLoan-checkManifestLockResult.txt",
			);
			runOnlyForDeploymentPostprocessing = 0;
			shellPath = /bin/sh;
			shellScript = "diff \"${PODS_PODFILE_DIR_PATH}/Podfile.lock\" \"${PODS_ROOT}/Manifest.lock\" > /dev/null\nif [ $? != 0 ] ; then\n    # print error to STDERR\n    echo \"error: The sandbox is not in sync with the Podfile.lock. Run 'pod install' or update your CocoaPods installation.\" >&2\n    exit 1\nfi\n# This output is used by Xcode 'outputs' to avoid re-running this script phase.\necho \"SUCCESS\" > \"${SCRIPT_OUTPUT_FILE_0}\"\n";
			showEnvVarsInLog = 0;
		};
/* End PBXShellScriptBuildPhase section */

/* Begin PBXSourcesBuildPhase section */
		18562E1E2BB128D200F1FA23 /* Sources */ = {
			isa = PBXSourcesBuildPhase;
			buildActionMask = 2147483647;
			files = (
				18562E832BB1560100F1FA23 /* NetworkManager.swift in Sources */,
				18562E692BB132C300F1FA23 /* RequestApiUrl.swift in Sources */,
				18562E892BB17E0900F1FA23 /* TotalModel.swift in Sources */,
				184D87262BB283A100773F45 /* TLRequset.swift in Sources */,
				18562E7B2BB1483E00F1FA23 /* WebViewController.swift in Sources */,
				18562E732BB1470E00F1FA23 /* BaseHeadFile.swift in Sources */,
				18562E5B2BB12AC800F1FA23 /* TLBaseViewController.swift in Sources */,
				18562E812BB1501500F1FA23 /* DeviceInfo.swift in Sources */,
				18562E7F2BB14DD600F1FA23 /* LoginFactory.swift in Sources */,
				18562E5D2BB12B1000F1FA23 /* LaunchViewController.swift in Sources */,
				18562E752BB1481100F1FA23 /* HomeViewController.swift in Sources */,
				184D87322BB2A15200773F45 /* BaseNavViewController.swift in Sources */,
				18562E262BB128D200F1FA23 /* AppDelegate.swift in Sources */,
				18562E792BB1483000F1FA23 /* ProfileViewController.swift in Sources */,
				184D87302BB2A12B00773F45 /* LoginViewController.swift in Sources */,
				18562E772BB1482000F1FA23 /* OrderViewController.swift in Sources */,
				184D87352BB2A1DF00773F45 /* LoginView.swift in Sources */,
				18562E872BB17D5000F1FA23 /* LocationModel.swift in Sources */,
				18562E852BB17D3100F1FA23 /* LocationManager.swift in Sources */,
			);
			runOnlyForDeploymentPostprocessing = 0;
		};
		18562E342BB128D300F1FA23 /* Sources */ = {
			isa = PBXSourcesBuildPhase;
			buildActionMask = 2147483647;
			files = (
				18562E3D2BB128D300F1FA23 /* TaraLoanTests.swift in Sources */,
			);
			runOnlyForDeploymentPostprocessing = 0;
		};
		18562E3E2BB128D300F1FA23 /* Sources */ = {
			isa = PBXSourcesBuildPhase;
			buildActionMask = 2147483647;
			files = (
				18562E492BB128D300F1FA23 /* TaraLoanUITestsLaunchTests.swift in Sources */,
				18562E472BB128D300F1FA23 /* TaraLoanUITests.swift in Sources */,
			);
			runOnlyForDeploymentPostprocessing = 0;
		};
/* End PBXSourcesBuildPhase section */

/* Begin PBXTargetDependency section */
		18562E3A2BB128D300F1FA23 /* PBXTargetDependency */ = {
			isa = PBXTargetDependency;
			target = 18562E212BB128D200F1FA23 /* TaraLoan */;
			targetProxy = 18562E392BB128D300F1FA23 /* PBXContainerItemProxy */;
		};
		18562E442BB128D300F1FA23 /* PBXTargetDependency */ = {
			isa = PBXTargetDependency;
			target = 18562E212BB128D200F1FA23 /* TaraLoan */;
			targetProxy = 18562E432BB128D300F1FA23 /* PBXContainerItemProxy */;
		};
/* End PBXTargetDependency section */

/* Begin PBXVariantGroup section */
		18562E302BB128D300F1FA23 /* LaunchScreen.storyboard */ = {
			isa = PBXVariantGroup;
			children = (
				18562E312BB128D300F1FA23 /* Base */,
			);
			name = LaunchScreen.storyboard;
			sourceTree = "<group>";
		};
/* End PBXVariantGroup section */

/* Begin XCBuildConfiguration section */
		18562E4A2BB128D300F1FA23 /* Debug */ = {
			isa = XCBuildConfiguration;
			buildSettings = {
				ALWAYS_SEARCH_USER_PATHS = NO;
				ASSETCATALOG_COMPILER_GENERATE_SWIFT_ASSET_SYMBOL_EXTENSIONS = YES;
				CLANG_ANALYZER_NONNULL = YES;
				CLANG_ANALYZER_NUMBER_OBJECT_CONVERSION = YES_AGGRESSIVE;
				CLANG_CXX_LANGUAGE_STANDARD = "gnu++20";
				CLANG_ENABLE_MODULES = YES;
				CLANG_ENABLE_OBJC_ARC = YES;
				CLANG_ENABLE_OBJC_WEAK = YES;
				CLANG_WARN_BLOCK_CAPTURE_AUTORELEASING = YES;
				CLANG_WARN_BOOL_CONVERSION = YES;
				CLANG_WARN_COMMA = YES;
				CLANG_WARN_CONSTANT_CONVERSION = YES;
				CLANG_WARN_DEPRECATED_OBJC_IMPLEMENTATIONS = YES;
				CLANG_WARN_DIRECT_OBJC_ISA_USAGE = YES_ERROR;
				CLANG_WARN_DOCUMENTATION_COMMENTS = YES;
				CLANG_WARN_EMPTY_BODY = YES;
				CLANG_WARN_ENUM_CONVERSION = YES;
				CLANG_WARN_INFINITE_RECURSION = YES;
				CLANG_WARN_INT_CONVERSION = YES;
				CLANG_WARN_NON_LITERAL_NULL_CONVERSION = YES;
				CLANG_WARN_OBJC_IMPLICIT_RETAIN_SELF = YES;
				CLANG_WARN_OBJC_LITERAL_CONVERSION = YES;
				CLANG_WARN_OBJC_ROOT_CLASS = YES_ERROR;
				CLANG_WARN_QUOTED_INCLUDE_IN_FRAMEWORK_HEADER = YES;
				CLANG_WARN_RANGE_LOOP_ANALYSIS = YES;
				CLANG_WARN_STRICT_PROTOTYPES = YES;
				CLANG_WARN_SUSPICIOUS_MOVE = YES;
				CLANG_WARN_UNGUARDED_AVAILABILITY = YES_AGGRESSIVE;
				CLANG_WARN_UNREACHABLE_CODE = YES;
				CLANG_WARN__DUPLICATE_METHOD_MATCH = YES;
				COPY_PHASE_STRIP = NO;
				DEBUG_INFORMATION_FORMAT = dwarf;
				ENABLE_STRICT_OBJC_MSGSEND = YES;
				ENABLE_TESTABILITY = YES;
				ENABLE_USER_SCRIPT_SANDBOXING = YES;
				GCC_C_LANGUAGE_STANDARD = gnu17;
				GCC_DYNAMIC_NO_PIC = NO;
				GCC_NO_COMMON_BLOCKS = YES;
				GCC_OPTIMIZATION_LEVEL = 0;
				GCC_PREPROCESSOR_DEFINITIONS = (
					"DEBUG=1",
					"$(inherited)",
				);
				GCC_WARN_64_TO_32_BIT_CONVERSION = YES;
				GCC_WARN_ABOUT_RETURN_TYPE = YES_ERROR;
				GCC_WARN_UNDECLARED_SELECTOR = YES;
				GCC_WARN_UNINITIALIZED_AUTOS = YES_AGGRESSIVE;
				GCC_WARN_UNUSED_FUNCTION = YES;
				GCC_WARN_UNUSED_VARIABLE = YES;
				IPHONEOS_DEPLOYMENT_TARGET = 17.4;
				LOCALIZATION_PREFERS_STRING_CATALOGS = YES;
				MTL_ENABLE_DEBUG_INFO = INCLUDE_SOURCE;
				MTL_FAST_MATH = YES;
				ONLY_ACTIVE_ARCH = YES;
				SDKROOT = iphoneos;
				SWIFT_ACTIVE_COMPILATION_CONDITIONS = "DEBUG $(inherited)";
				SWIFT_OPTIMIZATION_LEVEL = "-Onone";
			};
			name = Debug;
		};
		18562E4B2BB128D300F1FA23 /* Release */ = {
			isa = XCBuildConfiguration;
			buildSettings = {
				ALWAYS_SEARCH_USER_PATHS = NO;
				ASSETCATALOG_COMPILER_GENERATE_SWIFT_ASSET_SYMBOL_EXTENSIONS = YES;
				CLANG_ANALYZER_NONNULL = YES;
				CLANG_ANALYZER_NUMBER_OBJECT_CONVERSION = YES_AGGRESSIVE;
				CLANG_CXX_LANGUAGE_STANDARD = "gnu++20";
				CLANG_ENABLE_MODULES = YES;
				CLANG_ENABLE_OBJC_ARC = YES;
				CLANG_ENABLE_OBJC_WEAK = YES;
				CLANG_WARN_BLOCK_CAPTURE_AUTORELEASING = YES;
				CLANG_WARN_BOOL_CONVERSION = YES;
				CLANG_WARN_COMMA = YES;
				CLANG_WARN_CONSTANT_CONVERSION = YES;
				CLANG_WARN_DEPRECATED_OBJC_IMPLEMENTATIONS = YES;
				CLANG_WARN_DIRECT_OBJC_ISA_USAGE = YES_ERROR;
				CLANG_WARN_DOCUMENTATION_COMMENTS = YES;
				CLANG_WARN_EMPTY_BODY = YES;
				CLANG_WARN_ENUM_CONVERSION = YES;
				CLANG_WARN_INFINITE_RECURSION = YES;
				CLANG_WARN_INT_CONVERSION = YES;
				CLANG_WARN_NON_LITERAL_NULL_CONVERSION = YES;
				CLANG_WARN_OBJC_IMPLICIT_RETAIN_SELF = YES;
				CLANG_WARN_OBJC_LITERAL_CONVERSION = YES;
				CLANG_WARN_OBJC_ROOT_CLASS = YES_ERROR;
				CLANG_WARN_QUOTED_INCLUDE_IN_FRAMEWORK_HEADER = YES;
				CLANG_WARN_RANGE_LOOP_ANALYSIS = YES;
				CLANG_WARN_STRICT_PROTOTYPES = YES;
				CLANG_WARN_SUSPICIOUS_MOVE = YES;
				CLANG_WARN_UNGUARDED_AVAILABILITY = YES_AGGRESSIVE;
				CLANG_WARN_UNREACHABLE_CODE = YES;
				CLANG_WARN__DUPLICATE_METHOD_MATCH = YES;
				COPY_PHASE_STRIP = NO;
				DEBUG_INFORMATION_FORMAT = "dwarf-with-dsym";
				ENABLE_NS_ASSERTIONS = NO;
				ENABLE_STRICT_OBJC_MSGSEND = YES;
				ENABLE_USER_SCRIPT_SANDBOXING = YES;
				GCC_C_LANGUAGE_STANDARD = gnu17;
				GCC_NO_COMMON_BLOCKS = YES;
				GCC_WARN_64_TO_32_BIT_CONVERSION = YES;
				GCC_WARN_ABOUT_RETURN_TYPE = YES_ERROR;
				GCC_WARN_UNDECLARED_SELECTOR = YES;
				GCC_WARN_UNINITIALIZED_AUTOS = YES_AGGRESSIVE;
				GCC_WARN_UNUSED_FUNCTION = YES;
				GCC_WARN_UNUSED_VARIABLE = YES;
				IPHONEOS_DEPLOYMENT_TARGET = 17.4;
				LOCALIZATION_PREFERS_STRING_CATALOGS = YES;
				MTL_ENABLE_DEBUG_INFO = NO;
				MTL_FAST_MATH = YES;
				SDKROOT = iphoneos;
				SWIFT_COMPILATION_MODE = wholemodule;
				VALIDATE_PRODUCT = YES;
			};
			name = Release;
		};
		18562E4D2BB128D300F1FA23 /* Debug */ = {
			isa = XCBuildConfiguration;
			baseConfigurationReference = B4B44AE7C8261C3D0695E557 /* Pods-TaraLoan.debug.xcconfig */;
			buildSettings = {
				ASSETCATALOG_COMPILER_APPICON_NAME = AppIcon;
				ASSETCATALOG_COMPILER_GLOBAL_ACCENT_COLOR_NAME = AccentColor;
				CODE_SIGN_ENTITLEMENTS = TaraLoan/TaraLoan.entitlements;
				"CODE_SIGN_IDENTITY[sdk=iphoneos*]" = "iPhone Developer";
				CODE_SIGN_STYLE = Manual;
				CURRENT_PROJECT_VERSION = 1;
				DEVELOPMENT_TEAM = "";
				"DEVELOPMENT_TEAM[sdk=iphoneos*]" = 2F6XZMZ52M;
				ENABLE_USER_SCRIPT_SANDBOXING = NO;
				GENERATE_INFOPLIST_FILE = YES;
				INFOPLIST_FILE = TaraLoan/Info.plist;
				INFOPLIST_KEY_UIApplicationSupportsIndirectInputEvents = YES;
				INFOPLIST_KEY_UILaunchStoryboardName = LaunchScreen.storyboard;
				INFOPLIST_KEY_UISupportedInterfaceOrientations = UIInterfaceOrientationPortrait;
				INFOPLIST_KEY_UISupportedInterfaceOrientations_iPad = "UIInterfaceOrientationLandscapeLeft UIInterfaceOrientationLandscapeRight UIInterfaceOrientationPortrait UIInterfaceOrientationPortraitUpsideDown";
				INFOPLIST_KEY_UIUserInterfaceStyle = Light;
				IPHONEOS_DEPLOYMENT_TARGET = 12.0;
				LD_RUNPATH_SEARCH_PATHS = (
					"$(inherited)",
					"@executable_path/Frameworks",
				);
				MARKETING_VERSION = 1.0.0;
				PRODUCT_BUNDLE_IDENTIFIER = com.zhuanyong.test;
				PRODUCT_NAME = "$(TARGET_NAME)";
				PROVISIONING_PROFILE_SPECIFIER = "";
				"PROVISIONING_PROFILE_SPECIFIER[sdk=iphoneos*]" = zhuanyong_test;
				SUPPORTED_PLATFORMS = "iphoneos iphonesimulator";
				SUPPORTS_MACCATALYST = NO;
				SUPPORTS_MAC_DESIGNED_FOR_IPHONE_IPAD = NO;
				SUPPORTS_XR_DESIGNED_FOR_IPHONE_IPAD = NO;
				SWIFT_EMIT_LOC_STRINGS = YES;
				SWIFT_VERSION = 5.0;
				TARGETED_DEVICE_FAMILY = 1;
			};
			name = Debug;
		};
		18562E4E2BB128D300F1FA23 /* Release */ = {
			isa = XCBuildConfiguration;
			baseConfigurationReference = 0839316E49BF7545D77C0C4F /* Pods-TaraLoan.release.xcconfig */;
			buildSettings = {
				ASSETCATALOG_COMPILER_APPICON_NAME = AppIcon;
				ASSETCATALOG_COMPILER_GLOBAL_ACCENT_COLOR_NAME = AccentColor;
				CODE_SIGN_ENTITLEMENTS = TaraLoan/TaraLoan.entitlements;
				"CODE_SIGN_IDENTITY[sdk=iphoneos*]" = "iPhone Developer";
				CODE_SIGN_STYLE = Manual;
				CURRENT_PROJECT_VERSION = 1;
				DEVELOPMENT_TEAM = "";
				"DEVELOPMENT_TEAM[sdk=iphoneos*]" = 2F6XZMZ52M;
				ENABLE_USER_SCRIPT_SANDBOXING = NO;
				GENERATE_INFOPLIST_FILE = YES;
				INFOPLIST_FILE = TaraLoan/Info.plist;
				INFOPLIST_KEY_UIApplicationSupportsIndirectInputEvents = YES;
				INFOPLIST_KEY_UILaunchStoryboardName = LaunchScreen.storyboard;
				INFOPLIST_KEY_UISupportedInterfaceOrientations = UIInterfaceOrientationPortrait;
				INFOPLIST_KEY_UISupportedInterfaceOrientations_iPad = "UIInterfaceOrientationLandscapeLeft UIInterfaceOrientationLandscapeRight UIInterfaceOrientationPortrait UIInterfaceOrientationPortraitUpsideDown";
				INFOPLIST_KEY_UIUserInterfaceStyle = Light;
				IPHONEOS_DEPLOYMENT_TARGET = 12.0;
				LD_RUNPATH_SEARCH_PATHS = (
					"$(inherited)",
					"@executable_path/Frameworks",
				);
				MARKETING_VERSION = 1.0.0;
				PRODUCT_BUNDLE_IDENTIFIER = com.zhuanyong.test;
				PRODUCT_NAME = "$(TARGET_NAME)";
				PROVISIONING_PROFILE_SPECIFIER = "";
				"PROVISIONING_PROFILE_SPECIFIER[sdk=iphoneos*]" = zhuanyong_test;
				SUPPORTED_PLATFORMS = "iphoneos iphonesimulator";
				SUPPORTS_MACCATALYST = NO;
				SUPPORTS_MAC_DESIGNED_FOR_IPHONE_IPAD = NO;
				SUPPORTS_XR_DESIGNED_FOR_IPHONE_IPAD = NO;
				SWIFT_EMIT_LOC_STRINGS = YES;
				SWIFT_VERSION = 5.0;
				TARGETED_DEVICE_FAMILY = 1;
			};
			name = Release;
		};
		18562E502BB128D300F1FA23 /* Debug */ = {
			isa = XCBuildConfiguration;
			baseConfigurationReference = 2578A0F82CBB8FA0DBF2EA76 /* Pods-TaraLoanTests.debug.xcconfig */;
			buildSettings = {
				ALWAYS_EMBED_SWIFT_STANDARD_LIBRARIES = YES;
				BUNDLE_LOADER = "$(TEST_HOST)";
				CODE_SIGN_STYLE = Automatic;
				CURRENT_PROJECT_VERSION = 1;
				GENERATE_INFOPLIST_FILE = YES;
				IPHONEOS_DEPLOYMENT_TARGET = 17.4;
				MARKETING_VERSION = 1.0;
				PRODUCT_BUNDLE_IDENTIFIER = TL.TaraLoanTests;
				PRODUCT_NAME = "$(TARGET_NAME)";
				SWIFT_EMIT_LOC_STRINGS = NO;
				SWIFT_VERSION = 5.0;
				TARGETED_DEVICE_FAMILY = "1,2";
				TEST_HOST = "$(BUILT_PRODUCTS_DIR)/TaraLoan.app/$(BUNDLE_EXECUTABLE_FOLDER_PATH)/TaraLoan";
			};
			name = Debug;
		};
		18562E512BB128D300F1FA23 /* Release */ = {
			isa = XCBuildConfiguration;
			baseConfigurationReference = C9DAE3C326CFE1888E793E45 /* Pods-TaraLoanTests.release.xcconfig */;
			buildSettings = {
				ALWAYS_EMBED_SWIFT_STANDARD_LIBRARIES = YES;
				BUNDLE_LOADER = "$(TEST_HOST)";
				CODE_SIGN_STYLE = Automatic;
				CURRENT_PROJECT_VERSION = 1;
				GENERATE_INFOPLIST_FILE = YES;
				IPHONEOS_DEPLOYMENT_TARGET = 17.4;
				MARKETING_VERSION = 1.0;
				PRODUCT_BUNDLE_IDENTIFIER = TL.TaraLoanTests;
				PRODUCT_NAME = "$(TARGET_NAME)";
				SWIFT_EMIT_LOC_STRINGS = NO;
				SWIFT_VERSION = 5.0;
				TARGETED_DEVICE_FAMILY = "1,2";
				TEST_HOST = "$(BUILT_PRODUCTS_DIR)/TaraLoan.app/$(BUNDLE_EXECUTABLE_FOLDER_PATH)/TaraLoan";
			};
			name = Release;
		};
		18562E532BB128D300F1FA23 /* Debug */ = {
			isa = XCBuildConfiguration;
			baseConfigurationReference = A1DDE452236F446AFCBB8ACA /* Pods-TaraLoan-TaraLoanUITests.debug.xcconfig */;
			buildSettings = {
				ALWAYS_EMBED_SWIFT_STANDARD_LIBRARIES = YES;
				CODE_SIGN_STYLE = Automatic;
				CURRENT_PROJECT_VERSION = 1;
				GENERATE_INFOPLIST_FILE = YES;
				MARKETING_VERSION = 1.0;
				PRODUCT_BUNDLE_IDENTIFIER = TL.TaraLoanUITests;
				PRODUCT_NAME = "$(TARGET_NAME)";
				SWIFT_EMIT_LOC_STRINGS = NO;
				SWIFT_VERSION = 5.0;
				TARGETED_DEVICE_FAMILY = "1,2";
				TEST_TARGET_NAME = TaraLoan;
			};
			name = Debug;
		};
		18562E542BB128D300F1FA23 /* Release */ = {
			isa = XCBuildConfiguration;
			baseConfigurationReference = DDB0063DC7CF6EC6397176ED /* Pods-TaraLoan-TaraLoanUITests.release.xcconfig */;
			buildSettings = {
				ALWAYS_EMBED_SWIFT_STANDARD_LIBRARIES = YES;
				CODE_SIGN_STYLE = Automatic;
				CURRENT_PROJECT_VERSION = 1;
				GENERATE_INFOPLIST_FILE = YES;
				MARKETING_VERSION = 1.0;
				PRODUCT_BUNDLE_IDENTIFIER = TL.TaraLoanUITests;
				PRODUCT_NAME = "$(TARGET_NAME)";
				SWIFT_EMIT_LOC_STRINGS = NO;
				SWIFT_VERSION = 5.0;
				TARGETED_DEVICE_FAMILY = "1,2";
				TEST_TARGET_NAME = TaraLoan;
			};
			name = Release;
		};
/* End XCBuildConfiguration section */

/* Begin XCConfigurationList section */
		18562E1D2BB128D200F1FA23 /* Build configuration list for PBXProject "TaraLoan" */ = {
			isa = XCConfigurationList;
			buildConfigurations = (
				18562E4A2BB128D300F1FA23 /* Debug */,
				18562E4B2BB128D300F1FA23 /* Release */,
			);
			defaultConfigurationIsVisible = 0;
			defaultConfigurationName = Release;
		};
		18562E4C2BB128D300F1FA23 /* Build configuration list for PBXNativeTarget "TaraLoan" */ = {
			isa = XCConfigurationList;
			buildConfigurations = (
				18562E4D2BB128D300F1FA23 /* Debug */,
				18562E4E2BB128D300F1FA23 /* Release */,
			);
			defaultConfigurationIsVisible = 0;
			defaultConfigurationName = Release;
		};
		18562E4F2BB128D300F1FA23 /* Build configuration list for PBXNativeTarget "TaraLoanTests" */ = {
			isa = XCConfigurationList;
			buildConfigurations = (
				18562E502BB128D300F1FA23 /* Debug */,
				18562E512BB128D300F1FA23 /* Release */,
			);
			defaultConfigurationIsVisible = 0;
			defaultConfigurationName = Release;
		};
		18562E522BB128D300F1FA23 /* Build configuration list for PBXNativeTarget "TaraLoanUITests" */ = {
			isa = XCConfigurationList;
			buildConfigurations = (
				18562E532BB128D300F1FA23 /* Debug */,
				18562E542BB128D300F1FA23 /* Release */,
			);
			defaultConfigurationIsVisible = 0;
			defaultConfigurationName = Release;
		};
/* End XCConfigurationList section */
	};
	rootObject = 18562E1A2BB128D200F1FA23 /* Project object */;
}
